
Microsoft Visual Studio Solution File, Format Version 12.00
# Visual Studio Version 16
VisualStudioVersion = 16.0.28803.202
MinimumVisualStudioVersion = 10.0.40219.1
Project("{FAE04EC0-301F-11D3-BF4B-00C04F79EFBC}") = "UiPathTeam.Dates", "UiPathTeam.Dates\UiPathTeam.Dates.csproj", "{A7905A02-E20A-46CC-9138-83640342A47B}"
EndProject
Project("{FAE04EC0-301F-11D3-BF4B-00C04F79EFBC}") = "UiPathTeam.Dates.Activities", "UiPathTeam.Dates.Activities\UiPathTeam.Dates.Activities.csproj", "{3F034019-734B-4658-8919-3EA1AF9E5AB1}"
EndProject
Project("{FAE04EC0-301F-11D3-BF4B-00C04F79EFBC}") = "UiPathTeam.Dates.Activities.Design", "UiPathTeam.Dates.Activities.Design\UiPathTeam.Dates.Activities.Design.csproj", "{DC290E45-1F81-46FD-B38A-D0F7FD0A8C30}"
EndProject
Global
	GlobalSection(SolutionConfigurationPlatforms) = preSolution
		Debug|Any CPU = Debug|Any CPU
		Release|Any CPU = Release|Any CPU
	EndGlobalSection
	GlobalSection(ProjectConfigurationPlatforms) = postSolution
		{A7905A02-E20A-46CC-9138-83640342A47B}.Debug|Any CPU.ActiveCfg = Debug|Any CPU
		{A7905A02-E20A-46CC-9138-83640342A47B}.Debug|Any CPU.Build.0 = Debug|Any CPU
		{A7905A02-E20A-46CC-9138-83640342A47B}.Release|Any CPU.ActiveCfg = Release|Any CPU
		{A7905A02-E20A-46CC-9138-83640342A47B}.Release|Any CPU.Build.0 = Release|Any CPU
		{3F034019-734B-4658-8919-3EA1AF9E5AB1}.Debug|Any CPU.ActiveCfg = Debug|Any CPU
		{3F034019-734B-4658-8919-3EA1AF9E5AB1}.Debug|Any CPU.Build.0 = Debug|Any CPU
		{3F034019-734B-4658-8919-3EA1AF9E5AB1}.Release|Any CPU.ActiveCfg = Release|Any CPU
		{3F034019-734B-4658-8919-3EA1AF9E5AB1}.Release|Any CPU.Build.0 = Release|Any CPU
		{DC290E45-1F81-46FD-B38A-D0F7FD0A8C30}.Debug|Any CPU.ActiveCfg = Debug|Any CPU
		{DC290E45-1F81-46FD-B38A-D0F7FD0A8C30}.Debug|Any CPU.Build.0 = Debug|Any CPU
		{DC290E45-1F81-46FD-B38A-D0F7FD0A8C30}.Release|Any CPU.ActiveCfg = Release|Any CPU
		{DC290E45-1F81-46FD-B38A-D0F7FD0A8C30}.Release|Any CPU.Build.0 = Release|Any CPU
	EndGlobalSection
	GlobalSection(SolutionProperties) = preSolution
		HideSolutionNode = FALSE
	EndGlobalSection
	GlobalSection(ExtensibilityGlobals) = postSolution
		SolutionGuid = {482900AC-2BEA-4751-AAFF-B233DDA82411}
	EndGlobalSection
EndGlobal
